{
  "name": "check",
  "version": "1.0.0",
  "lockfileVersion": 3,
  "requires": true,
  "packages": {
    "": {
      "name": "check",
      "version": "1.0.0",
      "license": "ISC",
      "dependencies": {
        "dom-smoothie-js": "file:../pkg"
      }
    },
    "../pkg": {
      "version": "0.9.0",
      "license": "MIT"
    },
    "node_modules/dom-smoothie-js": {
      "resolved": "../pkg",
      "link": true
    }
  }
}
